# This file is automatically @generated by Wally.
# It is not intended for manual editing.
registry = "test"

[[package]]
name = "ffrostflame/bytenet"
version = "0.4.6"
dependencies = []

[[package]]
name = "imezx/warp"
version = "1.0.14"
dependencies = []

[[package]]
name = "mousebrilliant/benchmark"
version = "0.1.0"
dependencies = [["bytenet", "ffrostflame/bytenet@0.4.6"], ["rednet", "uncontained0/red@1.2.2"], ["warp", "imezx/warp@1.0.14"]]

[[package]]
name = "uncontained0/red"
version = "1.2.2"
dependencies = []
